
Microsoft Visual Studio Solution File, Format Version 12.00
# Visual Studio 15
VisualStudioVersion = 15.0.27130.2027
MinimumVisualStudioVersion = 10.0.40219.1
Project("{FAE04EC0-301F-11D3-BF4B-00C04F79EFBC}") = "LibDb", "modelagem\LibDb\LibDb.csproj", "{6F34085A-B79D-4C39-A93A-78E9E57A7E8D}"
EndProject
Global
	GlobalSection(SolutionConfigurationPlatforms) = preSolution
		Debug|Any CPU = Debug|Any CPU
		Release|Any CPU = Release|Any CPU
	EndGlobalSection
	GlobalSection(ProjectConfigurationPlatforms) = postSolution
		{6F34085A-B79D-4C39-A93A-78E9E57A7E8D}.Debug|Any CPU.ActiveCfg = Debug|Any CPU
		{6F34085A-B79D-4C39-A93A-78E9E57A7E8D}.Debug|Any CPU.Build.0 = Debug|Any CPU
		{6F34085A-B79D-4C39-A93A-78E9E57A7E8D}.Release|Any CPU.ActiveCfg = Release|Any CPU
		{6F34085A-B79D-4C39-A93A-78E9E57A7E8D}.Release|Any CPU.Build.0 = Release|Any CPU
	EndGlobalSection
	GlobalSection(SolutionProperties) = preSolution
		HideSolutionNode = FALSE
	EndGlobalSection
	GlobalSection(ExtensibilityGlobals) = postSolution
		SolutionGuid = {5133B1D1-27A9-498D-902A-E028FF13735B}
	EndGlobalSection
EndGlobal
